
Microsoft Visual Studio Solution File, Format Version 12.00
# Visual Studio Version 17
VisualStudioVersion = 17.0.32014.148
MinimumVisualStudioVersion = 10.0.40219.1
Project("{9A19103F-16F7-4668-BE54-9A1E7A4F7556}") = "Jeopardy.Desktop.Client.App", "Jeopardy.Desktop.Client.App\Jeopardy.Desktop.Client.App.csproj", "{1725C77A-31D6-4CF8-A17A-9AC33A0E86F3}"
EndProject
Project("{9A19103F-16F7-4668-BE54-9A1E7A4F7556}") = "Jeopardy.Desktop.Tester.App", "Jeopardy.Desktop.Tester.App\Jeopardy.Desktop.Tester.App.csproj", "{65052167-5D63-4BF3-A743-638C7129D9E4}"
EndProject
Project("{2150E333-8FDC-42A3-9474-1A3956D46DE8}") = "Jeopardy", "Jeopardy", "{EB6DDECB-9988-48EC-8191-6103AE66E1CA}"
EndProject
Project("{2150E333-8FDC-42A3-9474-1A3956D46DE8}") = "Desktop", "Desktop", "{49591C8C-6DB3-4A78-AFCB-D979FDAFF6C6}"
EndProject
Project("{2150E333-8FDC-42A3-9474-1A3956D46DE8}") = "Web", "Web", "{4B75E2B8-E4FC-4B38-9A7E-626D5882956E}"
EndProject
Project("{2150E333-8FDC-42A3-9474-1A3956D46DE8}") = "Core", "Core", "{0D4B5F02-3912-42C3-A5CB-386D8A779266}"
EndProject
Project("{9A19103F-16F7-4668-BE54-9A1E7A4F7556}") = "Jeopardy.Core.Data", "Jeopardy.Core.Data\Jeopardy.Core.Data.csproj", "{0AF26F25-526C-4E2B-9245-802533C38EC8}"
EndProject
Project("{9A19103F-16F7-4668-BE54-9A1E7A4F7556}") = "Jeopardy.Core.Wpf", "Jeopardy.Core.Wpf\Jeopardy.Core.Wpf.csproj", "{C4EB8D22-A4E4-42D5-A5F7-A71679700875}"
EndProject
Project("{2150E333-8FDC-42A3-9474-1A3956D46DE8}") = "Client", "Client", "{E4C5ECCB-F941-4029-A186-E5AF617CE4B0}"
EndProject
Project("{2150E333-8FDC-42A3-9474-1A3956D46DE8}") = "Tester", "Tester", "{75EDEC4C-DDE0-4316-9A1A-133A6C93482F}"
EndProject
Project("{2150E333-8FDC-42A3-9474-1A3956D46DE8}") = "Matchmaker", "Matchmaker", "{A5A9A94F-6623-4695-B7DA-9D094D78CCBF}"
EndProject
Project("{9A19103F-16F7-4668-BE54-9A1E7A4F7556}") = "Jeopardy.Core.Localization", "Jeopardy.Core.Localization\Jeopardy.Core.Localization.csproj", "{1E1D64D9-8C57-4A6D-BAAC-05A83A7F3F75}"
EndProject
Project("{9A19103F-16F7-4668-BE54-9A1E7A4F7556}") = "Jeopardy.Core.Serialization", "Jeopardy.Core.Serialization\Jeopardy.Core.Serialization.csproj", "{91672E48-527D-4D96-AAE4-880B179B6231}"
EndProject
Project("{9A19103F-16F7-4668-BE54-9A1E7A4F7556}") = "Jeopardy.Core.Cryptography", "Jeopardy.Core.Cryptography\Jeopardy.Core.Cryptography.csproj", "{C0F6D655-03EB-4672-97FB-A76EBD6787B9}"
EndProject
Project("{9A19103F-16F7-4668-BE54-9A1E7A4F7556}") = "Jeopardy.Core.Network", "Jeopardy.Core.Network\Jeopardy.Core.Network.csproj", "{E557DF57-0AFC-4A8B-834A-645EE7F17D1A}"
EndProject
Project("{FAE04EC0-301F-11D3-BF4B-00C04F79EFBC}") = "Jeopardy.Web.Matchmaker.Service", "Jeopardy.Web.Matchmaker.Service\Jeopardy.Web.Matchmaker.Service.csproj", "{FE95FFC9-AFAF-4E8D-8C7C-BB3C02DE93AE}"
EndProject
Global
	GlobalSection(SolutionConfigurationPlatforms) = preSolution
		Debug|Any CPU = Debug|Any CPU
		Release|Any CPU = Release|Any CPU
	EndGlobalSection
	GlobalSection(ProjectConfigurationPlatforms) = postSolution
		{1725C77A-31D6-4CF8-A17A-9AC33A0E86F3}.Debug|Any CPU.ActiveCfg = Debug|Any CPU
		{1725C77A-31D6-4CF8-A17A-9AC33A0E86F3}.Debug|Any CPU.Build.0 = Debug|Any CPU
		{1725C77A-31D6-4CF8-A17A-9AC33A0E86F3}.Release|Any CPU.ActiveCfg = Release|Any CPU
		{1725C77A-31D6-4CF8-A17A-9AC33A0E86F3}.Release|Any CPU.Build.0 = Release|Any CPU
		{65052167-5D63-4BF3-A743-638C7129D9E4}.Debug|Any CPU.ActiveCfg = Debug|Any CPU
		{65052167-5D63-4BF3-A743-638C7129D9E4}.Debug|Any CPU.Build.0 = Debug|Any CPU
		{65052167-5D63-4BF3-A743-638C7129D9E4}.Release|Any CPU.ActiveCfg = Release|Any CPU
		{65052167-5D63-4BF3-A743-638C7129D9E4}.Release|Any CPU.Build.0 = Release|Any CPU
		{0AF26F25-526C-4E2B-9245-802533C38EC8}.Debug|Any CPU.ActiveCfg = Debug|Any CPU
		{0AF26F25-526C-4E2B-9245-802533C38EC8}.Debug|Any CPU.Build.0 = Debug|Any CPU
		{0AF26F25-526C-4E2B-9245-802533C38EC8}.Release|Any CPU.ActiveCfg = Release|Any CPU
		{0AF26F25-526C-4E2B-9245-802533C38EC8}.Release|Any CPU.Build.0 = Release|Any CPU
		{C4EB8D22-A4E4-42D5-A5F7-A71679700875}.Debug|Any CPU.ActiveCfg = Debug|Any CPU
		{C4EB8D22-A4E4-42D5-A5F7-A71679700875}.Debug|Any CPU.Build.0 = Debug|Any CPU
		{C4EB8D22-A4E4-42D5-A5F7-A71679700875}.Release|Any CPU.ActiveCfg = Release|Any CPU
		{C4EB8D22-A4E4-42D5-A5F7-A71679700875}.Release|Any CPU.Build.0 = Release|Any CPU
		{1E1D64D9-8C57-4A6D-BAAC-05A83A7F3F75}.Debug|Any CPU.ActiveCfg = Debug|Any CPU
		{1E1D64D9-8C57-4A6D-BAAC-05A83A7F3F75}.Debug|Any CPU.Build.0 = Debug|Any CPU
		{1E1D64D9-8C57-4A6D-BAAC-05A83A7F3F75}.Release|Any CPU.ActiveCfg = Release|Any CPU
		{1E1D64D9-8C57-4A6D-BAAC-05A83A7F3F75}.Release|Any CPU.Build.0 = Release|Any CPU
		{91672E48-527D-4D96-AAE4-880B179B6231}.Debug|Any CPU.ActiveCfg = Debug|Any CPU
		{91672E48-527D-4D96-AAE4-880B179B6231}.Debug|Any CPU.Build.0 = Debug|Any CPU
		{91672E48-527D-4D96-AAE4-880B179B6231}.Release|Any CPU.ActiveCfg = Release|Any CPU
		{91672E48-527D-4D96-AAE4-880B179B6231}.Release|Any CPU.Build.0 = Release|Any CPU
		{C0F6D655-03EB-4672-97FB-A76EBD6787B9}.Debug|Any CPU.ActiveCfg = Debug|Any CPU
		{C0F6D655-03EB-4672-97FB-A76EBD6787B9}.Debug|Any CPU.Build.0 = Debug|Any CPU
		{C0F6D655-03EB-4672-97FB-A76EBD6787B9}.Release|Any CPU.ActiveCfg = Release|Any CPU
		{C0F6D655-03EB-4672-97FB-A76EBD6787B9}.Release|Any CPU.Build.0 = Release|Any CPU
		{E557DF57-0AFC-4A8B-834A-645EE7F17D1A}.Debug|Any CPU.ActiveCfg = Debug|Any CPU
		{E557DF57-0AFC-4A8B-834A-645EE7F17D1A}.Debug|Any CPU.Build.0 = Debug|Any CPU
		{E557DF57-0AFC-4A8B-834A-645EE7F17D1A}.Release|Any CPU.ActiveCfg = Release|Any CPU
		{E557DF57-0AFC-4A8B-834A-645EE7F17D1A}.Release|Any CPU.Build.0 = Release|Any CPU
		{FE95FFC9-AFAF-4E8D-8C7C-BB3C02DE93AE}.Debug|Any CPU.ActiveCfg = Debug|Any CPU
		{FE95FFC9-AFAF-4E8D-8C7C-BB3C02DE93AE}.Debug|Any CPU.Build.0 = Debug|Any CPU
		{FE95FFC9-AFAF-4E8D-8C7C-BB3C02DE93AE}.Release|Any CPU.ActiveCfg = Release|Any CPU
		{FE95FFC9-AFAF-4E8D-8C7C-BB3C02DE93AE}.Release|Any CPU.Build.0 = Release|Any CPU
	EndGlobalSection
	GlobalSection(SolutionProperties) = preSolution
		HideSolutionNode = FALSE
	EndGlobalSection
	GlobalSection(NestedProjects) = preSolution
		{1725C77A-31D6-4CF8-A17A-9AC33A0E86F3} = {E4C5ECCB-F941-4029-A186-E5AF617CE4B0}
		{65052167-5D63-4BF3-A743-638C7129D9E4} = {75EDEC4C-DDE0-4316-9A1A-133A6C93482F}
		{49591C8C-6DB3-4A78-AFCB-D979FDAFF6C6} = {EB6DDECB-9988-48EC-8191-6103AE66E1CA}
		{4B75E2B8-E4FC-4B38-9A7E-626D5882956E} = {EB6DDECB-9988-48EC-8191-6103AE66E1CA}
		{0D4B5F02-3912-42C3-A5CB-386D8A779266} = {EB6DDECB-9988-48EC-8191-6103AE66E1CA}
		{0AF26F25-526C-4E2B-9245-802533C38EC8} = {0D4B5F02-3912-42C3-A5CB-386D8A779266}
		{C4EB8D22-A4E4-42D5-A5F7-A71679700875} = {0D4B5F02-3912-42C3-A5CB-386D8A779266}
		{E4C5ECCB-F941-4029-A186-E5AF617CE4B0} = {49591C8C-6DB3-4A78-AFCB-D979FDAFF6C6}
		{75EDEC4C-DDE0-4316-9A1A-133A6C93482F} = {49591C8C-6DB3-4A78-AFCB-D979FDAFF6C6}
		{A5A9A94F-6623-4695-B7DA-9D094D78CCBF} = {4B75E2B8-E4FC-4B38-9A7E-626D5882956E}
		{1E1D64D9-8C57-4A6D-BAAC-05A83A7F3F75} = {0D4B5F02-3912-42C3-A5CB-386D8A779266}
		{91672E48-527D-4D96-AAE4-880B179B6231} = {0D4B5F02-3912-42C3-A5CB-386D8A779266}
		{C0F6D655-03EB-4672-97FB-A76EBD6787B9} = {0D4B5F02-3912-42C3-A5CB-386D8A779266}
		{E557DF57-0AFC-4A8B-834A-645EE7F17D1A} = {0D4B5F02-3912-42C3-A5CB-386D8A779266}
		{FE95FFC9-AFAF-4E8D-8C7C-BB3C02DE93AE} = {A5A9A94F-6623-4695-B7DA-9D094D78CCBF}
	EndGlobalSection
	GlobalSection(ExtensibilityGlobals) = postSolution
		SolutionGuid = {F60698A5-C03B-4B2F-9018-2631BCD3F816}
	EndGlobalSection
EndGlobal
